
Microsoft Visual Studio Solution File, Format Version 12.00
# Visual Studio 15
VisualStudioVersion = 15.0.28307.421
MinimumVisualStudioVersion = 10.0.40219.1
Project("{8BC9CEB8-8B4A-11D0-8D11-00A0C91BC942}") = "Server", "Game Server\Game Server.vcxproj", "{5644FEC4-6E59-4517-8942-4D145D2A944D}"
EndProject
Global
	GlobalSection(SolutionConfigurationPlatforms) = preSolution
		Debug|Win32 = Debug|Win32
		Debug|x64 = Debug|x64
		Debug|x86 = Debug|x86
		Release|Win32 = Release|Win32
		Release|x64 = Release|x64
		Release|x86 = Release|x86
	EndGlobalSection
	GlobalSection(ProjectConfigurationPlatforms) = postSolution
		{5644FEC4-6E59-4517-8942-4D145D2A944D}.Debug|Win32.ActiveCfg = Debug|Win32
		{5644FEC4-6E59-4517-8942-4D145D2A944D}.Debug|Win32.Build.0 = Debug|Win32
		{5644FEC4-6E59-4517-8942-4D145D2A944D}.Debug|x64.ActiveCfg = Debug|x64
		{5644FEC4-6E59-4517-8942-4D145D2A944D}.Debug|x64.Build.0 = Debug|x64
		{5644FEC4-6E59-4517-8942-4D145D2A944D}.Debug|x86.ActiveCfg = Debug|Win32
		{5644FEC4-6E59-4517-8942-4D145D2A944D}.Debug|x86.Build.0 = Debug|Win32
		{5644FEC4-6E59-4517-8942-4D145D2A944D}.Release|Win32.ActiveCfg = Release|Win32
		{5644FEC4-6E59-4517-8942-4D145D2A944D}.Release|Win32.Build.0 = Release|Win32
		{5644FEC4-6E59-4517-8942-4D145D2A944D}.Release|x64.ActiveCfg = Release|x64
		{5644FEC4-6E59-4517-8942-4D145D2A944D}.Release|x64.Build.0 = Release|x64
		{5644FEC4-6E59-4517-8942-4D145D2A944D}.Release|x86.ActiveCfg = Release|Win32
		{5644FEC4-6E59-4517-8942-4D145D2A944D}.Release|x86.Build.0 = Release|Win32
	EndGlobalSection
	GlobalSection(SolutionProperties) = preSolution
		HideSolutionNode = FALSE
	EndGlobalSection
	GlobalSection(ExtensibilityGlobals) = postSolution
		SolutionGuid = {C57F50DB-4D14-4A3F-8095-E1B781155EFC}
	EndGlobalSection
EndGlobal
